{
  "requires": true,
  "lockfileVersion": 1,
  "dependencies": {
    "bn-ng-idle": {
      "version": "1.0.1",
      "resolved": "https://registry.npmjs.org/bn-ng-idle/-/bn-ng-idle-1.0.1.tgz",
      "integrity": "sha512-qLAx2m12VfiI399Hlae+3ZF87WttKS6FafHM5YMibZQoeu6XUoIOCESJM+hm/ZhIk8cieKBzP3y92QEW14B4CQ==",
      "requires": {
        "tslib": "^1.9.0"
      }
    },
    "jwt-decode": {
      "version": "3.1.2",
      "resolved": "https://registry.npmjs.org/jwt-decode/-/jwt-decode-3.1.2.tgz",
      "integrity": "sha512-UfpWE/VZn0iP50d8cz9NrZLM9lSWhcJ+0Gt/nm4by88UL+J1SiKN8/5dkjMmbEzwL2CAe+67GsegCbIKtbp75A=="
    },
    "tslib": {
      "version": "1.14.1",
      "resolved": "https://registry.npmjs.org/tslib/-/tslib-1.14.1.tgz",
      "integrity": "sha512-Xni35NKzjgMrwevysHTCArtLDpPvye8zV/0E4EyYn43P7/7qvQwPh9BGkHewbMulVntbigmcT7rdX3BNo9wRJg=="
    }
  }
}
